// !$*UTF8*$!
{
	archiveVersion = 1;
	classes = {
	};
	objectVersion = 56;
	objects = {

/* Begin PBXBuildFile section */
		120C85732B7AF241008A823F /* NotePlannerApp.swift in Sources */ = {isa = PBXBuildFile; fileRef = 120C85722B7AF241008A823F /* NotePlannerApp.swift */; };
		120C85752B7AF241008A823F /* ContentView.swift in Sources */ = {isa = PBXBuildFile; fileRef = 120C85742B7AF241008A823F /* ContentView.swift */; };
		120C85772B7AF243008A823F /* Assets.xcassets in Resources */ = {isa = PBXBuildFile; fileRef = 120C85762B7AF243008A823F /* Assets.xcassets */; };
		120C857B2B7AF243008A823F /* Preview Assets.xcassets in Resources */ = {isa = PBXBuildFile; fileRef = 120C857A2B7AF243008A823F /* Preview Assets.xcassets */; };
		120C85852B7AF243008A823F /* NotePlannerTests.swift in Sources */ = {isa = PBXBuildFile; fileRef = 120C85842B7AF243008A823F /* NotePlannerTests.swift */; };
		120C858F2B7AF243008A823F /* NotePlannerUITests.swift in Sources */ = {isa = PBXBuildFile; fileRef = 120C858E2B7AF243008A823F /* NotePlannerUITests.swift */; };
		120C85912B7AF243008A823F /* NotePlannerUITestsLaunchTests.swift in Sources */ = {isa = PBXBuildFile; fileRef = 120C85902B7AF243008A823F /* NotePlannerUITestsLaunchTests.swift */; };
		120C85A12B7AF2A8008A823F /* NotePlan.swift in Sources */ = {isa = PBXBuildFile; fileRef = 120C85A02B7AF2A8008A823F /* NotePlan.swift */; };
		120C85A42B7AF923008A823F /* NotePlanListView.swift in Sources */ = {isa = PBXBuildFile; fileRef = 120C85A32B7AF923008A823F /* NotePlanListView.swift */; };
		120C85A62B7AFA58008A823F /* HapticsManager.swift in Sources */ = {isa = PBXBuildFile; fileRef = 120C85A52B7AFA58008A823F /* HapticsManager.swift */; };
		120C85A82B7BC2F4008A823F /* AddNewNotePlanView.swift in Sources */ = {isa = PBXBuildFile; fileRef = 120C85A72B7BC2F4008A823F /* AddNewNotePlanView.swift */; };
		120C85AC2B7BEF7E008A823F /* EditNotePlanView.swift in Sources */ = {isa = PBXBuildFile; fileRef = 120C85AB2B7BEF7E008A823F /* EditNotePlanView.swift */; };
		1292F8822B7FD14D00AB5811 /* EmptyScreenView.swift in Sources */ = {isa = PBXBuildFile; fileRef = 1292F8812B7FD14D00AB5811 /* EmptyScreenView.swift */; };
		1292F8842B7FE59400AB5811 /* Note.swift in Sources */ = {isa = PBXBuildFile; fileRef = 1292F8832B7FE59400AB5811 /* Note.swift */; };
		1292F8862B7FED6900AB5811 /* NotesListView.swift in Sources */ = {isa = PBXBuildFile; fileRef = 1292F8852B7FED6900AB5811 /* NotesListView.swift */; };
		12CC366D2B7BFDA9008EEC8B /* PriorityView.swift in Sources */ = {isa = PBXBuildFile; fileRef = 12CC366C2B7BFDA9008EEC8B /* PriorityView.swift */; };
		12CC36712B7D2250008EEC8B /* NotePlanList.swift in Sources */ = {isa = PBXBuildFile; fileRef = 12CC36702B7D2250008EEC8B /* NotePlanList.swift */; };
/* End PBXBuildFile section */

/* Begin PBXContainerItemProxy section */
		120C85812B7AF243008A823F /* PBXContainerItemProxy */ = {
			isa = PBXContainerItemProxy;
			containerPortal = 120C85672B7AF241008A823F /* Project object */;
			proxyType = 1;
			remoteGlobalIDString = 120C856E2B7AF241008A823F;
			remoteInfo = NotePlanner;
		};
		120C858B2B7AF243008A823F /* PBXContainerItemProxy */ = {
			isa = PBXContainerItemProxy;
			containerPortal = 120C85672B7AF241008A823F /* Project object */;
			proxyType = 1;
			remoteGlobalIDString = 120C856E2B7AF241008A823F;
			remoteInfo = NotePlanner;
		};
/* End PBXContainerItemProxy section */

/* Begin PBXFileReference section */
		120C856F2B7AF241008A823F /* NotePlanner.app */ = {isa = PBXFileReference; explicitFileType = wrapper.application; includeInIndex = 0; path = NotePlanner.app; sourceTree = BUILT_PRODUCTS_DIR; };
		120C85722B7AF241008A823F /* NotePlannerApp.swift */ = {isa = PBXFileReference; lastKnownFileType = sourcecode.swift; path = NotePlannerApp.swift; sourceTree = "<group>"; };
		120C85742B7AF241008A823F /* ContentView.swift */ = {isa = PBXFileReference; lastKnownFileType = sourcecode.swift; path = ContentView.swift; sourceTree = "<group>"; };
		120C85762B7AF243008A823F /* Assets.xcassets */ = {isa = PBXFileReference; lastKnownFileType = folder.assetcatalog; path = Assets.xcassets; sourceTree = "<group>"; };
		120C85782B7AF243008A823F /* NotePlanner.entitlements */ = {isa = PBXFileReference; lastKnownFileType = text.plist.entitlements; path = NotePlanner.entitlements; sourceTree = "<group>"; };
		120C857A2B7AF243008A823F /* Preview Assets.xcassets */ = {isa = PBXFileReference; lastKnownFileType = folder.assetcatalog; path = "Preview Assets.xcassets"; sourceTree = "<group>"; };
		120C85802B7AF243008A823F /* NotePlannerTests.xctest */ = {isa = PBXFileReference; explicitFileType = wrapper.cfbundle; includeInIndex = 0; path = NotePlannerTests.xctest; sourceTree = BUILT_PRODUCTS_DIR; };
		120C85842B7AF243008A823F /* NotePlannerTests.swift */ = {isa = PBXFileReference; lastKnownFileType = sourcecode.swift; path = NotePlannerTests.swift; sourceTree = "<group>"; };
		120C858A2B7AF243008A823F /* NotePlannerUITests.xctest */ = {isa = PBXFileReference; explicitFileType = wrapper.cfbundle; includeInIndex = 0; path = NotePlannerUITests.xctest; sourceTree = BUILT_PRODUCTS_DIR; };
		120C858E2B7AF243008A823F /* NotePlannerUITests.swift */ = {isa = PBXFileReference; lastKnownFileType = sourcecode.swift; path = NotePlannerUITests.swift; sourceTree = "<group>"; };
		120C85902B7AF243008A823F /* NotePlannerUITestsLaunchTests.swift */ = {isa = PBXFileReference; lastKnownFileType = sourcecode.swift; path = NotePlannerUITestsLaunchTests.swift; sourceTree = "<group>"; };
		120C85A02B7AF2A8008A823F /* NotePlan.swift */ = {isa = PBXFileReference; lastKnownFileType = sourcecode.swift; path = NotePlan.swift; sourceTree = "<group>"; };
		120C85A22B7AF661008A823F /* BuildNotes.md */ = {isa = PBXFileReference; lastKnownFileType = net.daringfireball.markdown; path = BuildNotes.md; sourceTree = "<group>"; };
		120C85A32B7AF923008A823F /* NotePlanListView.swift */ = {isa = PBXFileReference; lastKnownFileType = sourcecode.swift; path = NotePlanListView.swift; sourceTree = "<group>"; };
		120C85A52B7AFA58008A823F /* HapticsManager.swift */ = {isa = PBXFileReference; lastKnownFileType = sourcecode.swift; path = HapticsManager.swift; sourceTree = "<group>"; };
		120C85A72B7BC2F4008A823F /* AddNewNotePlanView.swift */ = {isa = PBXFileReference; lastKnownFileType = sourcecode.swift; path = AddNewNotePlanView.swift; sourceTree = "<group>"; };
		120C85AB2B7BEF7E008A823F /* EditNotePlanView.swift */ = {isa = PBXFileReference; lastKnownFileType = sourcecode.swift; path = EditNotePlanView.swift; sourceTree = "<group>"; };
		1292F8812B7FD14D00AB5811 /* EmptyScreenView.swift */ = {isa = PBXFileReference; lastKnownFileType = sourcecode.swift; path = EmptyScreenView.swift; sourceTree = "<group>"; };
		1292F8832B7FE59400AB5811 /* Note.swift */ = {isa = PBXFileReference; lastKnownFileType = sourcecode.swift; path = Note.swift; sourceTree = "<group>"; };
		1292F8852B7FED6900AB5811 /* NotesListView.swift */ = {isa = PBXFileReference; lastKnownFileType = sourcecode.swift; path = NotesListView.swift; sourceTree = "<group>"; };
		12CC366C2B7BFDA9008EEC8B /* PriorityView.swift */ = {isa = PBXFileReference; lastKnownFileType = sourcecode.swift; path = PriorityView.swift; sourceTree = "<group>"; };
		12CC36702B7D2250008EEC8B /* NotePlanList.swift */ = {isa = PBXFileReference; lastKnownFileType = sourcecode.swift; path = NotePlanList.swift; sourceTree = "<group>"; };
/* End PBXFileReference section */

/* Begin PBXFrameworksBuildPhase section */
		120C856C2B7AF241008A823F /* Frameworks */ = {
			isa = PBXFrameworksBuildPhase;
			buildActionMask = 2147483647;
			files = (
			);
			runOnlyForDeploymentPostprocessing = 0;
		};
		120C857D2B7AF243008A823F /* Frameworks */ = {
			isa = PBXFrameworksBuildPhase;
			buildActionMask = 2147483647;
			files = (
			);
			runOnlyForDeploymentPostprocessing = 0;
		};
		120C85872B7AF243008A823F /* Frameworks */ = {
			isa = PBXFrameworksBuildPhase;
			buildActionMask = 2147483647;
			files = (
			);
			runOnlyForDeploymentPostprocessing = 0;
		};
/* End PBXFrameworksBuildPhase section */

/* Begin PBXGroup section */
		120C85662B7AF241008A823F = {
			isa = PBXGroup;
			children = (
				120C85712B7AF241008A823F /* NotePlanner */,
				120C85832B7AF243008A823F /* NotePlannerTests */,
				120C858D2B7AF243008A823F /* NotePlannerUITests */,
				120C85702B7AF241008A823F /* Products */,
			);
			sourceTree = "<group>";
		};
		120C85702B7AF241008A823F /* Products */ = {
			isa = PBXGroup;
			children = (
				120C856F2B7AF241008A823F /* NotePlanner.app */,
				120C85802B7AF243008A823F /* NotePlannerTests.xctest */,
				120C858A2B7AF243008A823F /* NotePlannerUITests.xctest */,
			);
			name = Products;
			sourceTree = "<group>";
		};
		120C85712B7AF241008A823F /* NotePlanner */ = {
			isa = PBXGroup;
			children = (
				120C859F2B7AF26F008A823F /* Other */,
				120C859E2B7AF264008A823F /* Views */,
				120C859D2B7AF25A008A823F /* Models */,
				120C85722B7AF241008A823F /* NotePlannerApp.swift */,
				120C85742B7AF241008A823F /* ContentView.swift */,
				120C85762B7AF243008A823F /* Assets.xcassets */,
				120C85782B7AF243008A823F /* NotePlanner.entitlements */,
				120C85792B7AF243008A823F /* Preview Content */,
				120C85A22B7AF661008A823F /* BuildNotes.md */,
			);
			path = NotePlanner;
			sourceTree = "<group>";
		};
		120C85792B7AF243008A823F /* Preview Content */ = {
			isa = PBXGroup;
			children = (
				120C857A2B7AF243008A823F /* Preview Assets.xcassets */,
			);
			path = "Preview Content";
			sourceTree = "<group>";
		};
		120C85832B7AF243008A823F /* NotePlannerTests */ = {
			isa = PBXGroup;
			children = (
				120C85842B7AF243008A823F /* NotePlannerTests.swift */,
			);
			path = NotePlannerTests;
			sourceTree = "<group>";
		};
		120C858D2B7AF243008A823F /* NotePlannerUITests */ = {
			isa = PBXGroup;
			children = (
				120C858E2B7AF243008A823F /* NotePlannerUITests.swift */,
				120C85902B7AF243008A823F /* NotePlannerUITestsLaunchTests.swift */,
			);
			path = NotePlannerUITests;
			sourceTree = "<group>";
		};
		120C859D2B7AF25A008A823F /* Models */ = {
			isa = PBXGroup;
			children = (
				120C85A02B7AF2A8008A823F /* NotePlan.swift */,
				1292F8832B7FE59400AB5811 /* Note.swift */,
			);
			path = Models;
			sourceTree = "<group>";
		};
		120C859E2B7AF264008A823F /* Views */ = {
			isa = PBXGroup;
			children = (
				120C85A32B7AF923008A823F /* NotePlanListView.swift */,
				120C85A72B7BC2F4008A823F /* AddNewNotePlanView.swift */,
				120C85AB2B7BEF7E008A823F /* EditNotePlanView.swift */,
				12CC366C2B7BFDA9008EEC8B /* PriorityView.swift */,
				12CC36702B7D2250008EEC8B /* NotePlanList.swift */,
				1292F8812B7FD14D00AB5811 /* EmptyScreenView.swift */,
				1292F8852B7FED6900AB5811 /* NotesListView.swift */,
			);
			path = Views;
			sourceTree = "<group>";
		};
		120C859F2B7AF26F008A823F /* Other */ = {
			isa = PBXGroup;
			children = (
				120C85A52B7AFA58008A823F /* HapticsManager.swift */,
			);
			path = Other;
			sourceTree = "<group>";
		};
/* End PBXGroup section */

/* Begin PBXNativeTarget section */
		120C856E2B7AF241008A823F /* NotePlanner */ = {
			isa = PBXNativeTarget;
			buildConfigurationList = 120C85942B7AF243008A823F /* Build configuration list for PBXNativeTarget "NotePlanner" */;
			buildPhases = (
				120C856B2B7AF241008A823F /* Sources */,
				120C856C2B7AF241008A823F /* Frameworks */,
				120C856D2B7AF241008A823F /* Resources */,
			);
			buildRules = (
			);
			dependencies = (
			);
			name = NotePlanner;
			productName = NotePlanner;
			productReference = 120C856F2B7AF241008A823F /* NotePlanner.app */;
			productType = "com.apple.product-type.application";
		};
		120C857F2B7AF243008A823F /* NotePlannerTests */ = {
			isa = PBXNativeTarget;
			buildConfigurationList = 120C85972B7AF243008A823F /* Build configuration list for PBXNativeTarget "NotePlannerTests" */;
			buildPhases = (
				120C857C2B7AF243008A823F /* Sources */,
				120C857D2B7AF243008A823F /* Frameworks */,
				120C857E2B7AF243008A823F /* Resources */,
			);
			buildRules = (
			);
			dependencies = (
				120C85822B7AF243008A823F /* PBXTargetDependency */,
			);
			name = NotePlannerTests;
			productName = NotePlannerTests;
			productReference = 120C85802B7AF243008A823F /* NotePlannerTests.xctest */;
			productType = "com.apple.product-type.bundle.unit-test";
		};
		120C85892B7AF243008A823F /* NotePlannerUITests */ = {
			isa = PBXNativeTarget;
			buildConfigurationList = 120C859A2B7AF243008A823F /* Build configuration list for PBXNativeTarget "NotePlannerUITests" */;
			buildPhases = (
				120C85862B7AF243008A823F /* Sources */,
				120C85872B7AF243008A823F /* Frameworks */,
				120C85882B7AF243008A823F /* Resources */,
			);
			buildRules = (
			);
			dependencies = (
				120C858C2B7AF243008A823F /* PBXTargetDependency */,
			);
			name = NotePlannerUITests;
			productName = NotePlannerUITests;
			productReference = 120C858A2B7AF243008A823F /* NotePlannerUITests.xctest */;
			productType = "com.apple.product-type.bundle.ui-testing";
		};
/* End PBXNativeTarget section */

/* Begin PBXProject section */
		120C85672B7AF241008A823F /* Project object */ = {
			isa = PBXProject;
			attributes = {
				BuildIndependentTargetsInParallel = 1;
				LastSwiftUpdateCheck = 1520;
				LastUpgradeCheck = 1520;
				TargetAttributes = {
					120C856E2B7AF241008A823F = {
						CreatedOnToolsVersion = 15.2;
					};
					120C857F2B7AF243008A823F = {
						CreatedOnToolsVersion = 15.2;
						TestTargetID = 120C856E2B7AF241008A823F;
					};
					120C85892B7AF243008A823F = {
						CreatedOnToolsVersion = 15.2;
						TestTargetID = 120C856E2B7AF241008A823F;
					};
				};
			};
			buildConfigurationList = 120C856A2B7AF241008A823F /* Build configuration list for PBXProject "NotePlanner" */;
			compatibilityVersion = "Xcode 14.0";
			developmentRegion = en;
			hasScannedForEncodings = 0;
			knownRegions = (
				en,
				Base,
			);
			mainGroup = 120C85662B7AF241008A823F;
			productRefGroup = 120C85702B7AF241008A823F /* Products */;
			projectDirPath = "";
			projectRoot = "";
			targets = (
				120C856E2B7AF241008A823F /* NotePlanner */,
				120C857F2B7AF243008A823F /* NotePlannerTests */,
				120C85892B7AF243008A823F /* NotePlannerUITests */,
			);
		};
/* End PBXProject section */

/* Begin PBXResourcesBuildPhase section */
		120C856D2B7AF241008A823F /* Resources */ = {
			isa = PBXResourcesBuildPhase;
			buildActionMask = 2147483647;
			files = (
				120C857B2B7AF243008A823F /* Preview Assets.xcassets in Resources */,
				120C85772B7AF243008A823F /* Assets.xcassets in Resources */,
			);
			runOnlyForDeploymentPostprocessing = 0;
		};
		120C857E2B7AF243008A823F /* Resources */ = {
			isa = PBXResourcesBuildPhase;
			buildActionMask = 2147483647;
			files = (
			);
			runOnlyForDeploymentPostprocessing = 0;
		};
		120C85882B7AF243008A823F /* Resources */ = {
			isa = PBXResourcesBuildPhase;
			buildActionMask = 2147483647;
			files = (
			);
			runOnlyForDeploymentPostprocessing = 0;
		};
/* End PBXResourcesBuildPhase section */

/* Begin PBXSourcesBuildPhase section */
		120C856B2B7AF241008A823F /* Sources */ = {
			isa = PBXSourcesBuildPhase;
			buildActionMask = 2147483647;
			files = (
				120C85A42B7AF923008A823F /* NotePlanListView.swift in Sources */,
				120C85A12B7AF2A8008A823F /* NotePlan.swift in Sources */,
				1292F8822B7FD14D00AB5811 /* EmptyScreenView.swift in Sources */,
				12CC36712B7D2250008EEC8B /* NotePlanList.swift in Sources */,
				12CC366D2B7BFDA9008EEC8B /* PriorityView.swift in Sources */,
				120C85A82B7BC2F4008A823F /* AddNewNotePlanView.swift in Sources */,
				120C85752B7AF241008A823F /* ContentView.swift in Sources */,
				1292F8842B7FE59400AB5811 /* Note.swift in Sources */,
				120C85A62B7AFA58008A823F /* HapticsManager.swift in Sources */,
				120C85732B7AF241008A823F /* NotePlannerApp.swift in Sources */,
				1292F8862B7FED6900AB5811 /* NotesListView.swift in Sources */,
				120C85AC2B7BEF7E008A823F /* EditNotePlanView.swift in Sources */,
			);
			runOnlyForDeploymentPostprocessing = 0;
		};
		120C857C2B7AF243008A823F /* Sources */ = {
			isa = PBXSourcesBuildPhase;
			buildActionMask = 2147483647;
			files = (
				120C85852B7AF243008A823F /* NotePlannerTests.swift in Sources */,
			);
			runOnlyForDeploymentPostprocessing = 0;
		};
		120C85862B7AF243008A823F /* Sources */ = {
			isa = PBXSourcesBuildPhase;
			buildActionMask = 2147483647;
			files = (
				120C858F2B7AF243008A823F /* NotePlannerUITests.swift in Sources */,
				120C85912B7AF243008A823F /* NotePlannerUITestsLaunchTests.swift in Sources */,
			);
			runOnlyForDeploymentPostprocessing = 0;
		};
/* End PBXSourcesBuildPhase section */

/* Begin PBXTargetDependency section */
		120C85822B7AF243008A823F /* PBXTargetDependency */ = {
			isa = PBXTargetDependency;
			target = 120C856E2B7AF241008A823F /* NotePlanner */;
			targetProxy = 120C85812B7AF243008A823F /* PBXContainerItemProxy */;
		};
		120C858C2B7AF243008A823F /* PBXTargetDependency */ = {
			isa = PBXTargetDependency;
			target = 120C856E2B7AF241008A823F /* NotePlanner */;
			targetProxy = 120C858B2B7AF243008A823F /* PBXContainerItemProxy */;
		};
/* End PBXTargetDependency section */

/* Begin XCBuildConfiguration section */
		120C85922B7AF243008A823F /* Debug */ = {
			isa = XCBuildConfiguration;
			buildSettings = {
				ALWAYS_SEARCH_USER_PATHS = NO;
				ASSETCATALOG_COMPILER_GENERATE_SWIFT_ASSET_SYMBOL_EXTENSIONS = YES;
				CLANG_ANALYZER_NONNULL = YES;
				CLANG_ANALYZER_NUMBER_OBJECT_CONVERSION = YES_AGGRESSIVE;
				CLANG_CXX_LANGUAGE_STANDARD = "gnu++20";
				CLANG_ENABLE_MODULES = YES;
				CLANG_ENABLE_OBJC_ARC = YES;
				CLANG_ENABLE_OBJC_WEAK = YES;
				CLANG_WARN_BLOCK_CAPTURE_AUTORELEASING = YES;
				CLANG_WARN_BOOL_CONVERSION = YES;
				CLANG_WARN_COMMA = YES;
				CLANG_WARN_CONSTANT_CONVERSION = YES;
				CLANG_WARN_DEPRECATED_OBJC_IMPLEMENTATIONS = YES;
				CLANG_WARN_DIRECT_OBJC_ISA_USAGE = YES_ERROR;
				CLANG_WARN_DOCUMENTATION_COMMENTS = YES;
				CLANG_WARN_EMPTY_BODY = YES;
				CLANG_WARN_ENUM_CONVERSION = YES;
				CLANG_WARN_INFINITE_RECURSION = YES;
				CLANG_WARN_INT_CONVERSION = YES;
				CLANG_WARN_NON_LITERAL_NULL_CONVERSION = YES;
				CLANG_WARN_OBJC_IMPLICIT_RETAIN_SELF = YES;
				CLANG_WARN_OBJC_LITERAL_CONVERSION = YES;
				CLANG_WARN_OBJC_ROOT_CLASS = YES_ERROR;
				CLANG_WARN_QUOTED_INCLUDE_IN_FRAMEWORK_HEADER = YES;
				CLANG_WARN_RANGE_LOOP_ANALYSIS = YES;
				CLANG_WARN_STRICT_PROTOTYPES = YES;
				CLANG_WARN_SUSPICIOUS_MOVE = YES;
				CLANG_WARN_UNGUARDED_AVAILABILITY = YES_AGGRESSIVE;
				CLANG_WARN_UNREACHABLE_CODE = YES;
				CLANG_WARN__DUPLICATE_METHOD_MATCH = YES;
				COPY_PHASE_STRIP = NO;
				DEBUG_INFORMATION_FORMAT = dwarf;
				ENABLE_STRICT_OBJC_MSGSEND = YES;
				ENABLE_TESTABILITY = YES;
				ENABLE_USER_SCRIPT_SANDBOXING = YES;
				GCC_C_LANGUAGE_STANDARD = gnu17;
				GCC_DYNAMIC_NO_PIC = NO;
				GCC_NO_COMMON_BLOCKS = YES;
				GCC_OPTIMIZATION_LEVEL = 0;
				GCC_PREPROCESSOR_DEFINITIONS = (
					"DEBUG=1",
					"$(inherited)",
				);
				GCC_WARN_64_TO_32_BIT_CONVERSION = YES;
				GCC_WARN_ABOUT_RETURN_TYPE = YES_ERROR;
				GCC_WARN_UNDECLARED_SELECTOR = YES;
				GCC_WARN_UNINITIALIZED_AUTOS = YES_AGGRESSIVE;
				GCC_WARN_UNUSED_FUNCTION = YES;
				GCC_WARN_UNUSED_VARIABLE = YES;
				LOCALIZATION_PREFERS_STRING_CATALOGS = YES;
				MTL_ENABLE_DEBUG_INFO = INCLUDE_SOURCE;
				MTL_FAST_MATH = YES;
				ONLY_ACTIVE_ARCH = YES;
				SWIFT_ACTIVE_COMPILATION_CONDITIONS = "DEBUG $(inherited)";
				SWIFT_OPTIMIZATION_LEVEL = "-Onone";
			};
			name = Debug;
		};
		120C85932B7AF243008A823F /* Release */ = {
			isa = XCBuildConfiguration;
			buildSettings = {
				ALWAYS_SEARCH_USER_PATHS = NO;
				ASSETCATALOG_COMPILER_GENERATE_SWIFT_ASSET_SYMBOL_EXTENSIONS = YES;
				CLANG_ANALYZER_NONNULL = YES;
				CLANG_ANALYZER_NUMBER_OBJECT_CONVERSION = YES_AGGRESSIVE;
				CLANG_CXX_LANGUAGE_STANDARD = "gnu++20";
				CLANG_ENABLE_MODULES = YES;
				CLANG_ENABLE_OBJC_ARC = YES;
				CLANG_ENABLE_OBJC_WEAK = YES;
				CLANG_WARN_BLOCK_CAPTURE_AUTORELEASING = YES;
				CLANG_WARN_BOOL_CONVERSION = YES;
				CLANG_WARN_COMMA = YES;
				CLANG_WARN_CONSTANT_CONVERSION = YES;
				CLANG_WARN_DEPRECATED_OBJC_IMPLEMENTATIONS = YES;
				CLANG_WARN_DIRECT_OBJC_ISA_USAGE = YES_ERROR;
				CLANG_WARN_DOCUMENTATION_COMMENTS = YES;
				CLANG_WARN_EMPTY_BODY = YES;
				CLANG_WARN_ENUM_CONVERSION = YES;
				CLANG_WARN_INFINITE_RECURSION = YES;
				CLANG_WARN_INT_CONVERSION = YES;
				CLANG_WARN_NON_LITERAL_NULL_CONVERSION = YES;
				CLANG_WARN_OBJC_IMPLICIT_RETAIN_SELF = YES;
				CLANG_WARN_OBJC_LITERAL_CONVERSION = YES;
				CLANG_WARN_OBJC_ROOT_CLASS = YES_ERROR;
				CLANG_WARN_QUOTED_INCLUDE_IN_FRAMEWORK_HEADER = YES;
				CLANG_WARN_RANGE_LOOP_ANALYSIS = YES;
				CLANG_WARN_STRICT_PROTOTYPES = YES;
				CLANG_WARN_SUSPICIOUS_MOVE = YES;
				CLANG_WARN_UNGUARDED_AVAILABILITY = YES_AGGRESSIVE;
				CLANG_WARN_UNREACHABLE_CODE = YES;
				CLANG_WARN__DUPLICATE_METHOD_MATCH = YES;
				COPY_PHASE_STRIP = NO;
				DEBUG_INFORMATION_FORMAT = "dwarf-with-dsym";
				ENABLE_NS_ASSERTIONS = NO;
				ENABLE_STRICT_OBJC_MSGSEND = YES;
				ENABLE_USER_SCRIPT_SANDBOXING = YES;
				GCC_C_LANGUAGE_STANDARD = gnu17;
				GCC_NO_COMMON_BLOCKS = YES;
				GCC_WARN_64_TO_32_BIT_CONVERSION = YES;
				GCC_WARN_ABOUT_RETURN_TYPE = YES_ERROR;
				GCC_WARN_UNDECLARED_SELECTOR = YES;
				GCC_WARN_UNINITIALIZED_AUTOS = YES_AGGRESSIVE;
				GCC_WARN_UNUSED_FUNCTION = YES;
				GCC_WARN_UNUSED_VARIABLE = YES;
				LOCALIZATION_PREFERS_STRING_CATALOGS = YES;
				MTL_ENABLE_DEBUG_INFO = NO;
				MTL_FAST_MATH = YES;
				SWIFT_COMPILATION_MODE = wholemodule;
			};
			name = Release;
		};
		120C85952B7AF243008A823F /* Debug */ = {
			isa = XCBuildConfiguration;
			buildSettings = {
				ASSETCATALOG_COMPILER_APPICON_NAME = AppIcon;
				ASSETCATALOG_COMPILER_GLOBAL_ACCENT_COLOR_NAME = AccentColor;
				CODE_SIGN_ENTITLEMENTS = NotePlanner/NotePlanner.entitlements;
				CODE_SIGN_STYLE = Automatic;
				CURRENT_PROJECT_VERSION = 1;
				DEVELOPMENT_ASSET_PATHS = "\"NotePlanner/Preview Content\"";
				DEVELOPMENT_TEAM = 8QQYNTY523;
				ENABLE_HARDENED_RUNTIME = YES;
				ENABLE_PREVIEWS = YES;
				GENERATE_INFOPLIST_FILE = YES;
				"INFOPLIST_KEY_UIApplicationSceneManifest_Generation[sdk=iphoneos*]" = YES;
				"INFOPLIST_KEY_UIApplicationSceneManifest_Generation[sdk=iphonesimulator*]" = YES;
				"INFOPLIST_KEY_UIApplicationSupportsIndirectInputEvents[sdk=iphoneos*]" = YES;
				"INFOPLIST_KEY_UIApplicationSupportsIndirectInputEvents[sdk=iphonesimulator*]" = YES;
				"INFOPLIST_KEY_UILaunchScreen_Generation[sdk=iphoneos*]" = YES;
				"INFOPLIST_KEY_UILaunchScreen_Generation[sdk=iphonesimulator*]" = YES;
				"INFOPLIST_KEY_UIStatusBarStyle[sdk=iphoneos*]" = UIStatusBarStyleDefault;
				"INFOPLIST_KEY_UIStatusBarStyle[sdk=iphonesimulator*]" = UIStatusBarStyleDefault;
				INFOPLIST_KEY_UISupportedInterfaceOrientations_iPad = "UIInterfaceOrientationPortrait UIInterfaceOrientationPortraitUpsideDown UIInterfaceOrientationLandscapeLeft UIInterfaceOrientationLandscapeRight";
				INFOPLIST_KEY_UISupportedInterfaceOrientations_iPhone = "UIInterfaceOrientationPortrait UIInterfaceOrientationLandscapeLeft UIInterfaceOrientationLandscapeRight";
				IPHONEOS_DEPLOYMENT_TARGET = 17.2;
				LD_RUNPATH_SEARCH_PATHS = "@executable_path/Frameworks";
				"LD_RUNPATH_SEARCH_PATHS[sdk=macosx*]" = "@executable_path/../Frameworks";
				MACOSX_DEPLOYMENT_TARGET = 14.2;
				MARKETING_VERSION = 1.0;
				PRODUCT_BUNDLE_IDENTIFIER = com.weldtactics.NotePlanner;
				PRODUCT_NAME = "$(TARGET_NAME)";
				SDKROOT = auto;
				SUPPORTED_PLATFORMS = "iphoneos iphonesimulator macosx";
				SWIFT_EMIT_LOC_STRINGS = YES;
				SWIFT_VERSION = 5.0;
				TARGETED_DEVICE_FAMILY = "1,2";
			};
			name = Debug;
		};
		120C85962B7AF243008A823F /* Release */ = {
			isa = XCBuildConfiguration;
			buildSettings = {
				ASSETCATALOG_COMPILER_APPICON_NAME = AppIcon;
				ASSETCATALOG_COMPILER_GLOBAL_ACCENT_COLOR_NAME = AccentColor;
				CODE_SIGN_ENTITLEMENTS = NotePlanner/NotePlanner.entitlements;
				CODE_SIGN_STYLE = Automatic;
				CURRENT_PROJECT_VERSION = 1;
				DEVELOPMENT_ASSET_PATHS = "\"NotePlanner/Preview Content\"";
				DEVELOPMENT_TEAM = 8QQYNTY523;
				ENABLE_HARDENED_RUNTIME = YES;
				ENABLE_PREVIEWS = YES;
				GENERATE_INFOPLIST_FILE = YES;
				"INFOPLIST_KEY_UIApplicationSceneManifest_Generation[sdk=iphoneos*]" = YES;
				"INFOPLIST_KEY_UIApplicationSceneManifest_Generation[sdk=iphonesimulator*]" = YES;
				"INFOPLIST_KEY_UIApplicationSupportsIndirectInputEvents[sdk=iphoneos*]" = YES;
				"INFOPLIST_KEY_UIApplicationSupportsIndirectInputEvents[sdk=iphonesimulator*]" = YES;
				"INFOPLIST_KEY_UILaunchScreen_Generation[sdk=iphoneos*]" = YES;
				"INFOPLIST_KEY_UILaunchScreen_Generation[sdk=iphonesimulator*]" = YES;
				"INFOPLIST_KEY_UIStatusBarStyle[sdk=iphoneos*]" = UIStatusBarStyleDefault;
				"INFOPLIST_KEY_UIStatusBarStyle[sdk=iphonesimulator*]" = UIStatusBarStyleDefault;
				INFOPLIST_KEY_UISupportedInterfaceOrientations_iPad = "UIInterfaceOrientationPortrait UIInterfaceOrientationPortraitUpsideDown UIInterfaceOrientationLandscapeLeft UIInterfaceOrientationLandscapeRight";
				INFOPLIST_KEY_UISupportedInterfaceOrientations_iPhone = "UIInterfaceOrientationPortrait UIInterfaceOrientationLandscapeLeft UIInterfaceOrientationLandscapeRight";
				IPHONEOS_DEPLOYMENT_TARGET = 17.2;
				LD_RUNPATH_SEARCH_PATHS = "@executable_path/Frameworks";
				"LD_RUNPATH_SEARCH_PATHS[sdk=macosx*]" = "@executable_path/../Frameworks";
				MACOSX_DEPLOYMENT_TARGET = 14.2;
				MARKETING_VERSION = 1.0;
				PRODUCT_BUNDLE_IDENTIFIER = com.weldtactics.NotePlanner;
				PRODUCT_NAME = "$(TARGET_NAME)";
				SDKROOT = auto;
				SUPPORTED_PLATFORMS = "iphoneos iphonesimulator macosx";
				SWIFT_EMIT_LOC_STRINGS = YES;
				SWIFT_VERSION = 5.0;
				TARGETED_DEVICE_FAMILY = "1,2";
			};
			name = Release;
		};
		120C85982B7AF243008A823F /* Debug */ = {
			isa = XCBuildConfiguration;
			buildSettings = {
				ALWAYS_EMBED_SWIFT_STANDARD_LIBRARIES = YES;
				BUNDLE_LOADER = "$(TEST_HOST)";
				CODE_SIGN_STYLE = Automatic;
				CURRENT_PROJECT_VERSION = 1;
				DEVELOPMENT_TEAM = 8QQYNTY523;
				GENERATE_INFOPLIST_FILE = YES;
				IPHONEOS_DEPLOYMENT_TARGET = 17.2;
				MACOSX_DEPLOYMENT_TARGET = 14.2;
				MARKETING_VERSION = 1.0;
				PRODUCT_BUNDLE_IDENTIFIER = com.weldtactics.NotePlannerTests;
				PRODUCT_NAME = "$(TARGET_NAME)";
				SDKROOT = auto;
				SUPPORTED_PLATFORMS = "iphoneos iphonesimulator macosx";
				SWIFT_EMIT_LOC_STRINGS = NO;
				SWIFT_VERSION = 5.0;
				TARGETED_DEVICE_FAMILY = "1,2";
				TEST_HOST = "$(BUILT_PRODUCTS_DIR)/NotePlanner.app/$(BUNDLE_EXECUTABLE_FOLDER_PATH)/NotePlanner";
			};
			name = Debug;
		};
		120C85992B7AF243008A823F /* Release */ = {
			isa = XCBuildConfiguration;
			buildSettings = {
				ALWAYS_EMBED_SWIFT_STANDARD_LIBRARIES = YES;
				BUNDLE_LOADER = "$(TEST_HOST)";
				CODE_SIGN_STYLE = Automatic;
				CURRENT_PROJECT_VERSION = 1;
				DEVELOPMENT_TEAM = 8QQYNTY523;
				GENERATE_INFOPLIST_FILE = YES;
				IPHONEOS_DEPLOYMENT_TARGET = 17.2;
				MACOSX_DEPLOYMENT_TARGET = 14.2;
				MARKETING_VERSION = 1.0;
				PRODUCT_BUNDLE_IDENTIFIER = com.weldtactics.NotePlannerTests;
				PRODUCT_NAME = "$(TARGET_NAME)";
				SDKROOT = auto;
				SUPPORTED_PLATFORMS = "iphoneos iphonesimulator macosx";
				SWIFT_EMIT_LOC_STRINGS = NO;
				SWIFT_VERSION = 5.0;
				TARGETED_DEVICE_FAMILY = "1,2";
				TEST_HOST = "$(BUILT_PRODUCTS_DIR)/NotePlanner.app/$(BUNDLE_EXECUTABLE_FOLDER_PATH)/NotePlanner";
			};
			name = Release;
		};
		120C859B2B7AF243008A823F /* Debug */ = {
			isa = XCBuildConfiguration;
			buildSettings = {
				ALWAYS_EMBED_SWIFT_STANDARD_LIBRARIES = YES;
				CODE_SIGN_STYLE = Automatic;
				CURRENT_PROJECT_VERSION = 1;
				DEVELOPMENT_TEAM = 8QQYNTY523;
				GENERATE_INFOPLIST_FILE = YES;
				IPHONEOS_DEPLOYMENT_TARGET = 17.2;
				MACOSX_DEPLOYMENT_TARGET = 14.2;
				MARKETING_VERSION = 1.0;
				PRODUCT_BUNDLE_IDENTIFIER = com.weldtactics.NotePlannerUITests;
				PRODUCT_NAME = "$(TARGET_NAME)";
				SDKROOT = auto;
				SUPPORTED_PLATFORMS = "iphoneos iphonesimulator macosx";
				SWIFT_EMIT_LOC_STRINGS = NO;
				SWIFT_VERSION = 5.0;
				TARGETED_DEVICE_FAMILY = "1,2";
				TEST_TARGET_NAME = NotePlanner;
			};
			name = Debug;
		};
		120C859C2B7AF243008A823F /* Release */ = {
			isa = XCBuildConfiguration;
			buildSettings = {
				ALWAYS_EMBED_SWIFT_STANDARD_LIBRARIES = YES;
				CODE_SIGN_STYLE = Automatic;
				CURRENT_PROJECT_VERSION = 1;
				DEVELOPMENT_TEAM = 8QQYNTY523;
				GENERATE_INFOPLIST_FILE = YES;
				IPHONEOS_DEPLOYMENT_TARGET = 17.2;
				MACOSX_DEPLOYMENT_TARGET = 14.2;
				MARKETING_VERSION = 1.0;
				PRODUCT_BUNDLE_IDENTIFIER = com.weldtactics.NotePlannerUITests;
				PRODUCT_NAME = "$(TARGET_NAME)";
				SDKROOT = auto;
				SUPPORTED_PLATFORMS = "iphoneos iphonesimulator macosx";
				SWIFT_EMIT_LOC_STRINGS = NO;
				SWIFT_VERSION = 5.0;
				TARGETED_DEVICE_FAMILY = "1,2";
				TEST_TARGET_NAME = NotePlanner;
			};
			name = Release;
		};
/* End XCBuildConfiguration section */

/* Begin XCConfigurationList section */
		120C856A2B7AF241008A823F /* Build configuration list for PBXProject "NotePlanner" */ = {
			isa = XCConfigurationList;
			buildConfigurations = (
				120C85922B7AF243008A823F /* Debug */,
				120C85932B7AF243008A823F /* Release */,
			);
			defaultConfigurationIsVisible = 0;
			defaultConfigurationName = Release;
		};
		120C85942B7AF243008A823F /* Build configuration list for PBXNativeTarget "NotePlanner" */ = {
			isa = XCConfigurationList;
			buildConfigurations = (
				120C85952B7AF243008A823F /* Debug */,
				120C85962B7AF243008A823F /* Release */,
			);
			defaultConfigurationIsVisible = 0;
			defaultConfigurationName = Release;
		};
		120C85972B7AF243008A823F /* Build configuration list for PBXNativeTarget "NotePlannerTests" */ = {
			isa = XCConfigurationList;
			buildConfigurations = (
				120C85982B7AF243008A823F /* Debug */,
				120C85992B7AF243008A823F /* Release */,
			);
			defaultConfigurationIsVisible = 0;
			defaultConfigurationName = Release;
		};
		120C859A2B7AF243008A823F /* Build configuration list for PBXNativeTarget "NotePlannerUITests" */ = {
			isa = XCConfigurationList;
			buildConfigurations = (
				120C859B2B7AF243008A823F /* Debug */,
				120C859C2B7AF243008A823F /* Release */,
			);
			defaultConfigurationIsVisible = 0;
			defaultConfigurationName = Release;
		};
/* End XCConfigurationList section */
	};
	rootObject = 120C85672B7AF241008A823F /* Project object */;
}
